
Microsoft Visual Studio Solution File, Format Version 12.00
# Visual Studio Version 17
VisualStudioVersion = 17.8.34316.72
MinimumVisualStudioVersion = 10.0.40219.1
Project("{9A19103F-16F7-4668-BE54-9A1E7A4F7556}") = "Shazam.NET.Application", "Shazam.NET.Application\Shazam.NET.Application.csproj", "{383C88B1-CDC1-4CFA-8597-CA5D4D03E18E}"
EndProject
Project("{9A19103F-16F7-4668-BE54-9A1E7A4F7556}") = "Shazam.Net.Tests", "Shazam.Net.Tests\Shazam.Net.Tests.csproj", "{0BBD69F3-41BF-4D06-8DCE-FC1C863EB1C7}"
EndProject
Project("{FAE04EC0-301F-11D3-BF4B-00C04F79EFBC}") = "Shazam.NET.Domain", "Shazam.NET.Domain\Shazam.NET.Domain.csproj", "{B605EFA4-8927-4AB0-928D-F689D46DDFF6}"
EndProject
Global
	GlobalSection(SolutionConfigurationPlatforms) = preSolution
		Debug|Any CPU = Debug|Any CPU
		Release|Any CPU = Release|Any CPU
	EndGlobalSection
	GlobalSection(ProjectConfigurationPlatforms) = postSolution
		{383C88B1-CDC1-4CFA-8597-CA5D4D03E18E}.Debug|Any CPU.ActiveCfg = Debug|Any CPU
		{383C88B1-CDC1-4CFA-8597-CA5D4D03E18E}.Debug|Any CPU.Build.0 = Debug|Any CPU
		{383C88B1-CDC1-4CFA-8597-CA5D4D03E18E}.Release|Any CPU.ActiveCfg = Release|Any CPU
		{383C88B1-CDC1-4CFA-8597-CA5D4D03E18E}.Release|Any CPU.Build.0 = Release|Any CPU
		{0BBD69F3-41BF-4D06-8DCE-FC1C863EB1C7}.Debug|Any CPU.ActiveCfg = Debug|Any CPU
		{0BBD69F3-41BF-4D06-8DCE-FC1C863EB1C7}.Debug|Any CPU.Build.0 = Debug|Any CPU
		{0BBD69F3-41BF-4D06-8DCE-FC1C863EB1C7}.Release|Any CPU.ActiveCfg = Release|Any CPU
		{0BBD69F3-41BF-4D06-8DCE-FC1C863EB1C7}.Release|Any CPU.Build.0 = Release|Any CPU
		{B605EFA4-8927-4AB0-928D-F689D46DDFF6}.Debug|Any CPU.ActiveCfg = Debug|Any CPU
		{B605EFA4-8927-4AB0-928D-F689D46DDFF6}.Debug|Any CPU.Build.0 = Debug|Any CPU
		{B605EFA4-8927-4AB0-928D-F689D46DDFF6}.Release|Any CPU.ActiveCfg = Release|Any CPU
		{B605EFA4-8927-4AB0-928D-F689D46DDFF6}.Release|Any CPU.Build.0 = Release|Any CPU
	EndGlobalSection
	GlobalSection(SolutionProperties) = preSolution
		HideSolutionNode = FALSE
	EndGlobalSection
	GlobalSection(ExtensibilityGlobals) = postSolution
		SolutionGuid = {AB6FEC4C-DBA4-4449-BC9F-AB0D23A11E3C}
	EndGlobalSection
EndGlobal
